
Microsoft Visual Studio Solution File, Format Version 12.00
# Visual Studio Version 17
VisualStudioVersion = 17.9.34714.143
MinimumVisualStudioVersion = 10.0.40219.1
Project("{8BC9CEB8-8B4A-11D0-8D11-00A0C91BC942}") = "lab8.2_Петрушев.cpp", "lab8.2_Петрушев.cpp\lab8.2_Петрушев.cpp.vcxproj", "{B5D03666-5312-4FDD-9103-42D53972824F}"
EndProject
Global
	GlobalSection(SolutionConfigurationPlatforms) = preSolution
		Debug|x64 = Debug|x64
		Debug|x86 = Debug|x86
		Release|x64 = Release|x64
		Release|x86 = Release|x86
	EndGlobalSection
	GlobalSection(ProjectConfigurationPlatforms) = postSolution
		{B5D03666-5312-4FDD-9103-42D53972824F}.Debug|x64.ActiveCfg = Debug|x64
		{B5D03666-5312-4FDD-9103-42D53972824F}.Debug|x64.Build.0 = Debug|x64
		{B5D03666-5312-4FDD-9103-42D53972824F}.Debug|x86.ActiveCfg = Debug|Win32
		{B5D03666-5312-4FDD-9103-42D53972824F}.Debug|x86.Build.0 = Debug|Win32
		{B5D03666-5312-4FDD-9103-42D53972824F}.Release|x64.ActiveCfg = Release|x64
		{B5D03666-5312-4FDD-9103-42D53972824F}.Release|x64.Build.0 = Release|x64
		{B5D03666-5312-4FDD-9103-42D53972824F}.Release|x86.ActiveCfg = Release|Win32
		{B5D03666-5312-4FDD-9103-42D53972824F}.Release|x86.Build.0 = Release|Win32
	EndGlobalSection
	GlobalSection(SolutionProperties) = preSolution
		HideSolutionNode = FALSE
	EndGlobalSection
	GlobalSection(ExtensibilityGlobals) = postSolution
		SolutionGuid = {B4C70C7A-B34A-4BDB-BD8D-14841135B405}
	EndGlobalSection
EndGlobal
